
Microsoft Visual Studio Solution File, Format Version 12.00
# Visual Studio Version 17
VisualStudioVersion = 17.12.35527.113
MinimumVisualStudioVersion = 10.0.40219.1
Project("{FAE04EC0-301F-11D3-BF4B-00C04F79EFBC}") = "ChangeFeed.Processor", "ChangeFeed.Processor\ChangeFeed.Processor.csproj", "{42FB3B31-F0DE-4ECC-9970-72F5AB088229}"
EndProject
Global
	GlobalSection(SolutionConfigurationPlatforms) = preSolution
		Debug|Any CPU = Debug|Any CPU
		Release|Any CPU = Release|Any CPU
	EndGlobalSection
	GlobalSection(ProjectConfigurationPlatforms) = postSolution
		{42FB3B31-F0DE-4ECC-9970-72F5AB088229}.Debug|Any CPU.ActiveCfg = Debug|Any CPU
		{42FB3B31-F0DE-4ECC-9970-72F5AB088229}.Debug|Any CPU.Build.0 = Debug|Any CPU
		{42FB3B31-F0DE-4ECC-9970-72F5AB088229}.Release|Any CPU.ActiveCfg = Release|Any CPU
		{42FB3B31-F0DE-4ECC-9970-72F5AB088229}.Release|Any CPU.Build.0 = Release|Any CPU
	EndGlobalSection
	GlobalSection(SolutionProperties) = preSolution
		HideSolutionNode = FALSE
	EndGlobalSection
EndGlobal
